{
  "name": "proxy",
  "version": "1.0.0",
  "lockfileVersion": 2,
  "requires": true,
  "packages": {
    "": {
      "name": "proxy",
      "version": "1.0.0",
      "license": "Apache-2.0",
      "dependencies": {
        "greenlock-express": "^4.0.3",
        "http-proxy-node16": "^1.0.3",
        "ip2location-nodejs": "^9.7.0"
      }
    },
    "node_modules/@greenlock/manager": {
      "version": "3.1.0",
      "resolved": "https://registry.npmjs.org/@greenlock/manager/-/manager-3.1.0.tgz",
      "integrity": "sha512-PBy5CMK+j4oD7sj7hF5qE+xKEOSiiuL2hHd5X5ttEbtnTSDKjNeqbrR5k2ZddwVNdjOVeBIeuqlm81IFZ+Ftew==",
      "dependencies": {
        "greenlock-manager-fs": "^3.1.0"
      }
    },
    "node_modules/@root/acme": {
      "version": "3.1.0",
      "resolved": "https://registry.npmjs.org/@root/acme/-/acme-3.1.0.tgz",
      "integrity": "sha512-GAyaW63cpSYd2KvVp5lHLbCWeEhJPKZK9nsJvZJOKsD9Uv88KEttn4FpDZEJ+2q3Jsey0DWpuQ2I4ft0JV9p2w==",
      "hasInstallScript": true,
      "dependencies": {
        "@root/csr": "^0.8.1",
        "@root/encoding": "^1.0.1",
        "@root/keypairs": "^0.10.0",
        "@root/pem": "^1.0.4",
        "@root/request": "^1.6.1",
        "@root/x509": "^0.7.2"
      }
    },
    "node_modules/@root/asn1": {
      "version": "1.0.0",
      "resolved": "https://registry.npmjs.org/@root/asn1/-/asn1-1.0.0.tgz",
      "integrity": "sha512-0lfZNuOULKJDJmdIkP8V9RnbV3XaK6PAHD3swnFy4tZwtlMDzLKoM/dfNad7ut8Hu3r91wy9uK0WA/9zym5mig==",
      "dependencies": {
        "@root/encoding": "^1.0.1"
      }
    },
    "node_modules/@root/csr": {
      "version": "0.8.1",
      "resolved": "https://registry.npmjs.org/@root/csr/-/csr-0.8.1.tgz",
      "integrity": "sha512-hKl0VuE549TK6SnS2Yn9nRvKbFZXn/oAg+dZJU/tlKl/f/0yRXeuUzf8akg3JjtJq+9E592zDqeXZ7yyrg8fSQ==",
      "dependencies": {
        "@root/asn1": "^1.0.0",
        "@root/pem": "^1.0.4",
        "@root/x509": "^0.7.2"
      }
    },
    "node_modules/@root/encoding": {
      "version": "1.0.1",
      "resolved": "https://registry.npmjs.org/@root/encoding/-/encoding-1.0.1.tgz",
      "integrity": "sha512-OaEub02ufoU038gy6bsNHQOjIn8nUjGiLcaRmJ40IUykneJkIW5fxDqKxQx48cszuNflYldsJLPPXCrGfHs8yQ=="
    },
    "node_modules/@root/greenlock": {
      "version": "4.0.5",
      "resolved": "https://registry.npmjs.org/@root/greenlock/-/greenlock-4.0.5.tgz",
      "integrity": "sha512-KR9w3mYE9aH33FCibI8oSYBQV+f7lc3MVPdZ9nxY2tqRLmJp05cMOMz340mtG14VnWDuznLj4TbBj3sHIuoQPQ==",
      "dependencies": {
        "@greenlock/manager": "^3.1.0",
        "@root/acme": "^3.1.0",
        "@root/csr": "^0.8.1",
        "@root/keypairs": "^0.10.0",
        "@root/mkdirp": "^1.0.0",
        "@root/request": "^1.6.1",
        "acme-http-01-standalone": "^3.0.5",
        "cert-info": "^1.5.1",
        "greenlock-store-fs": "^3.2.2",
        "safe-replace": "^1.1.0"
      },
      "bin": {
        "greenlock": "bin/greenlock.js"
      }
    },
    "node_modules/@root/greenlock-express": {
      "version": "4.0.4",
      "resolved": "https://registry.npmjs.org/@root/greenlock-express/-/greenlock-express-4.0.4.tgz",
      "integrity": "sha512-a0/9tHNQwt5Uyod7Mp59lo5UwrjdpOaRgaw8oKvDopVvrjsk1Urdhz9MoLh5p4APt7KhAI/hMFSG4gvczgSwaA==",
      "dependencies": {
        "@root/greenlock": "^4.0.5",
        "redirect-https": "^1.3.1"
      }
    },
    "node_modules/@root/keypairs": {
      "version": "0.10.1",
      "resolved": "https://registry.npmjs.org/@root/keypairs/-/keypairs-0.10.1.tgz",
      "integrity": "sha512-LuBheiQwMLCN5iWmhjyW9Mgc7uX16+gABSDfFafaBQnSPVylnOksHa22bqZmDkMCsinOOjUecgy2UgREOT3cOg==",
      "dependencies": {
        "@root/encoding": "^1.0.1",
        "@root/pem": "^1.0.4",
        "@root/x509": "^0.7.2"
      }
    },
    "node_modules/@root/mkdirp": {
      "version": "1.0.0",
      "resolved": "https://registry.npmjs.org/@root/mkdirp/-/mkdirp-1.0.0.tgz",
      "integrity": "sha512-hxGAYUx5029VggfG+U9naAhQkoMSXtOeXtbql97m3Hi6/sQSRL/4khKZPyOF6w11glyCOU38WCNLu9nUcSjOfA=="
    },
    "node_modules/@root/pem": {
      "version": "1.0.4",
      "resolved": "https://registry.npmjs.org/@root/pem/-/pem-1.0.4.tgz",
      "integrity": "sha512-rEUDiUsHtild8GfIjFE9wXtcVxeS+ehCJQBwbQQ3IVfORKHK93CFnRtkr69R75lZFjcmKYVc+AXDB+AeRFOULA=="
    },
    "node_modules/@root/request": {
      "version": "1.7.0",
      "resolved": "https://registry.npmjs.org/@root/request/-/request-1.7.0.tgz",
      "integrity": "sha512-lre7XVeEwszgyrayWWb/kRn5fuJfa+n0Nh+rflM9E+EpC28yIYA+FPm/OL1uhzp3TxhQM0HFN4FE2RDIPGlnmg=="
    },
    "node_modules/@root/x509": {
      "version": "0.7.2",
      "resolved": "https://registry.npmjs.org/@root/x509/-/x509-0.7.2.tgz",
      "integrity": "sha512-ENq3LGYORK5NiMFHEVeNMt+fTXaC7DTS6sQXoqV+dFdfT0vmiL5cDLjaXQhaklJQq0NiwicZegzJRl1ZOTp3WQ==",
      "dependencies": {
        "@root/asn1": "^1.0.0",
        "@root/encoding": "^1.0.1"
      }
    },
    "node_modules/acme-http-01-standalone": {
      "version": "3.0.5",
      "resolved": "https://registry.npmjs.org/acme-http-01-standalone/-/acme-http-01-standalone-3.0.5.tgz",
      "integrity": "sha512-W4GfK+39GZ+u0mvxRVUcVFCG6gposfzEnSBF20T/NUwWAKG59wQT1dUbS1NixRIAsRuhpGc4Jx659cErFQH0Pg=="
    },
    "node_modules/cert-info": {
      "version": "1.5.1",
      "resolved": "https://registry.npmjs.org/cert-info/-/cert-info-1.5.1.tgz",
      "integrity": "sha512-eoQC/yAgW3gKTKxjzyClvi+UzuY97YCjcl+lSqbsGIy7HeGaWxCPOQFivhUYm27hgsBMhsJJFya3kGvK6PMIcQ==",
      "bin": {
        "cert-info": "bin/cert-info.js"
      }
    },
    "node_modules/csv-parser": {
      "version": "3.2.0",
      "resolved": "https://registry.npmjs.org/csv-parser/-/csv-parser-3.2.0.tgz",
      "integrity": "sha512-fgKbp+AJbn1h2dcAHKIdKNSSjfp43BZZykXsCjzALjKy80VXQNHPFJ6T9Afwdzoj24aMkq8GwDS7KGcDPpejrA==",
      "license": "MIT",
      "bin": {
        "csv-parser": "bin/csv-parser"
      },
      "engines": {
        "node": ">= 10"
      }
    },
    "node_modules/escape-html": {
      "version": "1.0.3",
      "resolved": "https://registry.npmjs.org/escape-html/-/escape-html-1.0.3.tgz",
      "integrity": "sha1-Aljq5NPQwJdN4cFpGI7wBR0dGYg="
    },
    "node_modules/eventemitter3": {
      "version": "4.0.7",
      "resolved": "https://registry.npmjs.org/eventemitter3/-/eventemitter3-4.0.7.tgz",
      "integrity": "sha512-8guHBZCwKnFhYdHr2ysuRWErTwhoN2X8XELRlrRwpmfeY2jjuUN4taQMsULKUVo1K4DvZl+0pgfyoysHxvmvEw=="
    },
    "node_modules/follow-redirects": {
      "version": "1.13.3",
      "resolved": "https://registry.npmjs.org/follow-redirects/-/follow-redirects-1.13.3.tgz",
      "integrity": "sha512-DUgl6+HDzB0iEptNQEXLx/KhTmDb8tZUHSeLqpnjpknR70H0nC2t9N73BK6fN4hOvJ84pKlIQVQ4k5FFlBedKA==",
      "funding": [
        {
          "type": "individual",
          "url": "https://github.com/sponsors/RubenVerborgh"
        }
      ],
      "engines": {
        "node": ">=4.0"
      },
      "peerDependenciesMeta": {
        "debug": {
          "optional": true
        }
      }
    },
    "node_modules/greenlock-express": {
      "version": "4.0.3",
      "resolved": "https://registry.npmjs.org/greenlock-express/-/greenlock-express-4.0.3.tgz",
      "integrity": "sha512-swTCuaLcZWbwRe9gf28AN1VO2PLiAoPB7StVhEFTBqCqqoHgiu0PJqdz3IbnfXB/8Kckx4sZ+B+Re2BvoCHY4A==",
      "dependencies": {
        "@root/greenlock": "^4.0.4",
        "@root/greenlock-express": "^4.0.3",
        "redirect-https": "^1.1.5"
      }
    },
    "node_modules/greenlock-manager-fs": {
      "version": "3.1.1",
      "resolved": "https://registry.npmjs.org/greenlock-manager-fs/-/greenlock-manager-fs-3.1.1.tgz",
      "integrity": "sha512-np6qdnPIOZx40PAcSQcqK1eMPWjTKxsxcgRd/OVg0ai49WC1Ds74CTrwmB84pq2n53ikbnDBQFmKEQ4AC0DK8w==",
      "dependencies": {
        "@root/mkdirp": "^1.0.0",
        "safe-replace": "^1.1.0"
      }
    },
    "node_modules/greenlock-store-fs": {
      "version": "3.2.2",
      "resolved": "https://registry.npmjs.org/greenlock-store-fs/-/greenlock-store-fs-3.2.2.tgz",
      "integrity": "sha512-92ejLB4DyV4qv/2b6VLGF2nKfYQeIfg3o+e/1cIoYLjlIaUFdbBXkzLTRozFlHsQPZt2ALi5qYrpC9IwH7GK8A==",
      "dependencies": {
        "@root/mkdirp": "^1.0.0",
        "safe-replace": "^1.1.0"
      }
    },
    "node_modules/http-proxy-node16": {
      "version": "1.0.3",
      "resolved": "https://registry.npmjs.org/http-proxy-node16/-/http-proxy-node16-1.0.3.tgz",
      "integrity": "sha512-GReWWNIbJUCqYP7vcaaOGX0T+o8BpSP2VTZ4nCebJ9nbl3seUr5gCnLNpc4R2D0BK6kSY2hTsdpEV3QH2TobDg==",
      "dependencies": {
        "eventemitter3": "^4.0.0",
        "follow-redirects": "^1.0.0",
        "requires-port": "^1.0.0"
      },
      "engines": {
        "node": ">=8.0.0"
      }
    },
    "node_modules/ip2location-nodejs": {
      "version": "9.7.0",
      "resolved": "https://registry.npmjs.org/ip2location-nodejs/-/ip2location-nodejs-9.7.0.tgz",
      "integrity": "sha512-eQ4T5TXm1cx0+pQcRycPiuaiRuoDEMd9O89Be7Ugk555qi9UY9enXSznkkqr3kQRyUaXx7zj5dORC5LGTPOttA==",
      "license": "MIT",
      "dependencies": {
        "csv-parser": "^3.0.0"
      }
    },
    "node_modules/redirect-https": {
      "version": "1.3.1",
      "resolved": "https://registry.npmjs.org/redirect-https/-/redirect-https-1.3.1.tgz",
      "integrity": "sha512-Stex2nI+tMpZXKvy++32TiBXEy+GdpAfp3EUnl5BqCiJ5f5i6XvUSFrs7TR7IoRSlthM7ZtD89uYGTtJBXlFYg==",
      "dependencies": {
        "escape-html": "^1.0.3"
      }
    },
    "node_modules/requires-port": {
      "version": "1.0.0",
      "resolved": "https://registry.npmjs.org/requires-port/-/requires-port-1.0.0.tgz",
      "integrity": "sha1-kl0mAdOaxIXgkc8NpcbmlNw9yv8="
    },
    "node_modules/safe-replace": {
      "version": "1.1.0",
      "resolved": "https://registry.npmjs.org/safe-replace/-/safe-replace-1.1.0.tgz",
      "integrity": "sha512-9/V2E0CDsKs9DWOOwJH7jYpSl9S3N05uyevNjvsnDauBqRowBPOyot1fIvV5N2IuZAbYyvrTXrYFVG0RZInfFw=="
    }
  },
  "dependencies": {
    "@greenlock/manager": {
      "version": "3.1.0",
      "resolved": "https://registry.npmjs.org/@greenlock/manager/-/manager-3.1.0.tgz",
      "integrity": "sha512-PBy5CMK+j4oD7sj7hF5qE+xKEOSiiuL2hHd5X5ttEbtnTSDKjNeqbrR5k2ZddwVNdjOVeBIeuqlm81IFZ+Ftew==",
      "requires": {
        "greenlock-manager-fs": "^3.1.0"
      }
    },
    "@root/acme": {
      "version": "3.1.0",
      "resolved": "https://registry.npmjs.org/@root/acme/-/acme-3.1.0.tgz",
      "integrity": "sha512-GAyaW63cpSYd2KvVp5lHLbCWeEhJPKZK9nsJvZJOKsD9Uv88KEttn4FpDZEJ+2q3Jsey0DWpuQ2I4ft0JV9p2w==",
      "requires": {
        "@root/csr": "^0.8.1",
        "@root/encoding": "^1.0.1",
        "@root/keypairs": "^0.10.0",
        "@root/pem": "^1.0.4",
        "@root/request": "^1.6.1",
        "@root/x509": "^0.7.2"
      }
    },
    "@root/asn1": {
      "version": "1.0.0",
      "resolved": "https://registry.npmjs.org/@root/asn1/-/asn1-1.0.0.tgz",
      "integrity": "sha512-0lfZNuOULKJDJmdIkP8V9RnbV3XaK6PAHD3swnFy4tZwtlMDzLKoM/dfNad7ut8Hu3r91wy9uK0WA/9zym5mig==",
      "requires": {
        "@root/encoding": "^1.0.1"
      }
    },
    "@root/csr": {
      "version": "0.8.1",
      "resolved": "https://registry.npmjs.org/@root/csr/-/csr-0.8.1.tgz",
      "integrity": "sha512-hKl0VuE549TK6SnS2Yn9nRvKbFZXn/oAg+dZJU/tlKl/f/0yRXeuUzf8akg3JjtJq+9E592zDqeXZ7yyrg8fSQ==",
      "requires": {
        "@root/asn1": "^1.0.0",
        "@root/pem": "^1.0.4",
        "@root/x509": "^0.7.2"
      }
    },
    "@root/encoding": {
      "version": "1.0.1",
      "resolved": "https://registry.npmjs.org/@root/encoding/-/encoding-1.0.1.tgz",
      "integrity": "sha512-OaEub02ufoU038gy6bsNHQOjIn8nUjGiLcaRmJ40IUykneJkIW5fxDqKxQx48cszuNflYldsJLPPXCrGfHs8yQ=="
    },
    "@root/greenlock": {
      "version": "4.0.5",
      "resolved": "https://registry.npmjs.org/@root/greenlock/-/greenlock-4.0.5.tgz",
      "integrity": "sha512-KR9w3mYE9aH33FCibI8oSYBQV+f7lc3MVPdZ9nxY2tqRLmJp05cMOMz340mtG14VnWDuznLj4TbBj3sHIuoQPQ==",
      "requires": {
        "@greenlock/manager": "^3.1.0",
        "@root/acme": "^3.1.0",
        "@root/csr": "^0.8.1",
        "@root/keypairs": "^0.10.0",
        "@root/mkdirp": "^1.0.0",
        "@root/request": "^1.6.1",
        "acme-http-01-standalone": "^3.0.5",
        "cert-info": "^1.5.1",
        "greenlock-store-fs": "^3.2.2",
        "safe-replace": "^1.1.0"
      }
    },
    "@root/greenlock-express": {
      "version": "4.0.4",
      "resolved": "https://registry.npmjs.org/@root/greenlock-express/-/greenlock-express-4.0.4.tgz",
      "integrity": "sha512-a0/9tHNQwt5Uyod7Mp59lo5UwrjdpOaRgaw8oKvDopVvrjsk1Urdhz9MoLh5p4APt7KhAI/hMFSG4gvczgSwaA==",
      "requires": {
        "@root/greenlock": "^4.0.5",
        "redirect-https": "^1.3.1"
      }
    },
    "@root/keypairs": {
      "version": "0.10.1",
      "resolved": "https://registry.npmjs.org/@root/keypairs/-/keypairs-0.10.1.tgz",
      "integrity": "sha512-LuBheiQwMLCN5iWmhjyW9Mgc7uX16+gABSDfFafaBQnSPVylnOksHa22bqZmDkMCsinOOjUecgy2UgREOT3cOg==",
      "requires": {
        "@root/encoding": "^1.0.1",
        "@root/pem": "^1.0.4",
        "@root/x509": "^0.7.2"
      }
    },
    "@root/mkdirp": {
      "version": "1.0.0",
      "resolved": "https://registry.npmjs.org/@root/mkdirp/-/mkdirp-1.0.0.tgz",
      "integrity": "sha512-hxGAYUx5029VggfG+U9naAhQkoMSXtOeXtbql97m3Hi6/sQSRL/4khKZPyOF6w11glyCOU38WCNLu9nUcSjOfA=="
    },
    "@root/pem": {
      "version": "1.0.4",
      "resolved": "https://registry.npmjs.org/@root/pem/-/pem-1.0.4.tgz",
      "integrity": "sha512-rEUDiUsHtild8GfIjFE9wXtcVxeS+ehCJQBwbQQ3IVfORKHK93CFnRtkr69R75lZFjcmKYVc+AXDB+AeRFOULA=="
    },
    "@root/request": {
      "version": "1.7.0",
      "resolved": "https://registry.npmjs.org/@root/request/-/request-1.7.0.tgz",
      "integrity": "sha512-lre7XVeEwszgyrayWWb/kRn5fuJfa+n0Nh+rflM9E+EpC28yIYA+FPm/OL1uhzp3TxhQM0HFN4FE2RDIPGlnmg=="
    },
    "@root/x509": {
      "version": "0.7.2",
      "resolved": "https://registry.npmjs.org/@root/x509/-/x509-0.7.2.tgz",
      "integrity": "sha512-ENq3LGYORK5NiMFHEVeNMt+fTXaC7DTS6sQXoqV+dFdfT0vmiL5cDLjaXQhaklJQq0NiwicZegzJRl1ZOTp3WQ==",
      "requires": {
        "@root/asn1": "^1.0.0",
        "@root/encoding": "^1.0.1"
      }
    },
    "acme-http-01-standalone": {
      "version": "3.0.5",
      "resolved": "https://registry.npmjs.org/acme-http-01-standalone/-/acme-http-01-standalone-3.0.5.tgz",
      "integrity": "sha512-W4GfK+39GZ+u0mvxRVUcVFCG6gposfzEnSBF20T/NUwWAKG59wQT1dUbS1NixRIAsRuhpGc4Jx659cErFQH0Pg=="
    },
    "cert-info": {
      "version": "1.5.1",
      "resolved": "https://registry.npmjs.org/cert-info/-/cert-info-1.5.1.tgz",
      "integrity": "sha512-eoQC/yAgW3gKTKxjzyClvi+UzuY97YCjcl+lSqbsGIy7HeGaWxCPOQFivhUYm27hgsBMhsJJFya3kGvK6PMIcQ=="
    },
    "csv-parser": {
      "version": "3.2.0",
      "resolved": "https://registry.npmjs.org/csv-parser/-/csv-parser-3.2.0.tgz",
      "integrity": "sha512-fgKbp+AJbn1h2dcAHKIdKNSSjfp43BZZykXsCjzALjKy80VXQNHPFJ6T9Afwdzoj24aMkq8GwDS7KGcDPpejrA=="
    },
    "escape-html": {
      "version": "1.0.3",
      "resolved": "https://registry.npmjs.org/escape-html/-/escape-html-1.0.3.tgz",
      "integrity": "sha1-Aljq5NPQwJdN4cFpGI7wBR0dGYg="
    },
    "eventemitter3": {
      "version": "4.0.7",
      "resolved": "https://registry.npmjs.org/eventemitter3/-/eventemitter3-4.0.7.tgz",
      "integrity": "sha512-8guHBZCwKnFhYdHr2ysuRWErTwhoN2X8XELRlrRwpmfeY2jjuUN4taQMsULKUVo1K4DvZl+0pgfyoysHxvmvEw=="
    },
    "follow-redirects": {
      "version": "1.13.3",
      "resolved": "https://registry.npmjs.org/follow-redirects/-/follow-redirects-1.13.3.tgz",
      "integrity": "sha512-DUgl6+HDzB0iEptNQEXLx/KhTmDb8tZUHSeLqpnjpknR70H0nC2t9N73BK6fN4hOvJ84pKlIQVQ4k5FFlBedKA=="
    },
    "greenlock-express": {
      "version": "4.0.3",
      "resolved": "https://registry.npmjs.org/greenlock-express/-/greenlock-express-4.0.3.tgz",
      "integrity": "sha512-swTCuaLcZWbwRe9gf28AN1VO2PLiAoPB7StVhEFTBqCqqoHgiu0PJqdz3IbnfXB/8Kckx4sZ+B+Re2BvoCHY4A==",
      "requires": {
        "@root/greenlock": "^4.0.4",
        "@root/greenlock-express": "^4.0.3",
        "redirect-https": "^1.1.5"
      }
    },
    "greenlock-manager-fs": {
      "version": "3.1.1",
      "resolved": "https://registry.npmjs.org/greenlock-manager-fs/-/greenlock-manager-fs-3.1.1.tgz",
      "integrity": "sha512-np6qdnPIOZx40PAcSQcqK1eMPWjTKxsxcgRd/OVg0ai49WC1Ds74CTrwmB84pq2n53ikbnDBQFmKEQ4AC0DK8w==",
      "requires": {
        "@root/mkdirp": "^1.0.0",
        "safe-replace": "^1.1.0"
      }
    },
    "greenlock-store-fs": {
      "version": "3.2.2",
      "resolved": "https://registry.npmjs.org/greenlock-store-fs/-/greenlock-store-fs-3.2.2.tgz",
      "integrity": "sha512-92ejLB4DyV4qv/2b6VLGF2nKfYQeIfg3o+e/1cIoYLjlIaUFdbBXkzLTRozFlHsQPZt2ALi5qYrpC9IwH7GK8A==",
      "requires": {
        "@root/mkdirp": "^1.0.0",
        "safe-replace": "^1.1.0"
      }
    },
    "http-proxy-node16": {
      "version": "1.0.3",
      "resolved": "https://registry.npmjs.org/http-proxy-node16/-/http-proxy-node16-1.0.3.tgz",
      "integrity": "sha512-GReWWNIbJUCqYP7vcaaOGX0T+o8BpSP2VTZ4nCebJ9nbl3seUr5gCnLNpc4R2D0BK6kSY2hTsdpEV3QH2TobDg==",
      "requires": {
        "eventemitter3": "^4.0.0",
        "follow-redirects": "^1.0.0",
        "requires-port": "^1.0.0"
      }
    },
    "ip2location-nodejs": {
      "version": "9.7.0",
      "resolved": "https://registry.npmjs.org/ip2location-nodejs/-/ip2location-nodejs-9.7.0.tgz",
      "integrity": "sha512-eQ4T5TXm1cx0+pQcRycPiuaiRuoDEMd9O89Be7Ugk555qi9UY9enXSznkkqr3kQRyUaXx7zj5dORC5LGTPOttA==",
      "requires": {
        "csv-parser": "^3.0.0"
      }
    },
    "redirect-https": {
      "version": "1.3.1",
      "resolved": "https://registry.npmjs.org/redirect-https/-/redirect-https-1.3.1.tgz",
      "integrity": "sha512-Stex2nI+tMpZXKvy++32TiBXEy+GdpAfp3EUnl5BqCiJ5f5i6XvUSFrs7TR7IoRSlthM7ZtD89uYGTtJBXlFYg==",
      "requires": {
        "escape-html": "^1.0.3"
      }
    },
    "requires-port": {
      "version": "1.0.0",
      "resolved": "https://registry.npmjs.org/requires-port/-/requires-port-1.0.0.tgz",
      "integrity": "sha1-kl0mAdOaxIXgkc8NpcbmlNw9yv8="
    },
    "safe-replace": {
      "version": "1.1.0",
      "resolved": "https://registry.npmjs.org/safe-replace/-/safe-replace-1.1.0.tgz",
      "integrity": "sha512-9/V2E0CDsKs9DWOOwJH7jYpSl9S3N05uyevNjvsnDauBqRowBPOyot1fIvV5N2IuZAbYyvrTXrYFVG0RZInfFw=="
    }
  }
}
